// !$*UTF8*$!
{
	archiveVersion = 1;
	classes = {
	};
	objectVersion = 50;
	objects = {

/* Begin PBXBuildFile section */
		88254A34247A66EE001CB040 /* Entitlements.xml in Resources */ = {isa = PBXBuildFile; fileRef = 88254A33247A66EE001CB040 /* Entitlements.xml */; };
		88D4A5B224793F7700469190 /* AppDelegate.swift in Sources */ = {isa = PBXBuildFile; fileRef = 88D4A5B124793F7700469190 /* AppDelegate.swift */; };
		88D4A5B624793F7700469190 /* ViewController.swift in Sources */ = {isa = PBXBuildFile; fileRef = 88D4A5B524793F7700469190 /* ViewController.swift */; };
		88D4A5B924793F7700469190 /* Main.storyboard in Resources */ = {isa = PBXBuildFile; fileRef = 88D4A5B724793F7700469190 /* Main.storyboard */; };
		88D4A5BB24793F7900469190 /* Assets.xcassets in Resources */ = {isa = PBXBuildFile; fileRef = 88D4A5BA24793F7900469190 /* Assets.xcassets */; };
		88D4A5BE24793F7900469190 /* LaunchScreen.storyboard in Resources */ = {isa = PBXBuildFile; fileRef = 88D4A5BC24793F7900469190 /* LaunchScreen.storyboard */; };
		88D4A5CE247940AF00469190 /* PlistConverter.swift in Sources */ = {isa = PBXBuildFile; fileRef = 88D4A5CD247940AF00469190 /* PlistConverter.swift */; };
		88D4A5D024794C7A00469190 /* appClass.swift in Sources */ = {isa = PBXBuildFile; fileRef = 88D4A5CF24794C7A00469190 /* appClass.swift */; };
		88D4A5D8247972EE00469190 /* Swifter.framework in Frameworks */ = {isa = PBXBuildFile; fileRef = 88D4A5C62479409500469190 /* Swifter.framework */; };
		88D4A5D9247972EE00469190 /* Swifter.framework in Embed Frameworks */ = {isa = PBXBuildFile; fileRef = 88D4A5C62479409500469190 /* Swifter.framework */; settings = {ATTRIBUTES = (CodeSignOnCopy, RemoveHeadersOnCopy, ); }; };
		88D4A5DB2479733100469190 /* Zip.framework in Frameworks */ = {isa = PBXBuildFile; fileRef = 88D4A5C72479409500469190 /* Zip.framework */; };
		88D4A5DC2479733100469190 /* Zip.framework in Embed Frameworks */ = {isa = PBXBuildFile; fileRef = 88D4A5C72479409500469190 /* Zip.framework */; settings = {ATTRIBUTES = (CodeSignOnCopy, RemoveHeadersOnCopy, ); }; };
		88D4A5DE247983E500469190 /* LICENSE in Resources */ = {isa = PBXBuildFile; fileRef = 88D4A5DD247983E500469190 /* LICENSE */; };
		88D4A5E0247985C200469190 /* icon.png in Resources */ = {isa = PBXBuildFile; fileRef = 88D4A5DF247985C200469190 /* icon.png */; };
		88D4A5E22479952D00469190 /* .gitignore in Resources */ = {isa = PBXBuildFile; fileRef = 88D4A5E12479952D00469190 /* .gitignore */; };
/* End PBXBuildFile section */

/* Begin PBXCopyFilesBuildPhase section */
		88D4A5DA247972EE00469190 /* Embed Frameworks */ = {
			isa = PBXCopyFilesBuildPhase;
			buildActionMask = 2147483647;
			dstPath = "";
			dstSubfolderSpec = 10;
			files = (
				88D4A5DC2479733100469190 /* Zip.framework in Embed Frameworks */,
				88D4A5D9247972EE00469190 /* Swifter.framework in Embed Frameworks */,
			);
			name = "Embed Frameworks";
			runOnlyForDeploymentPostprocessing = 0;
		};
/* End PBXCopyFilesBuildPhase section */

/* Begin PBXFileReference section */
		88254A33247A66EE001CB040 /* Entitlements.xml */ = {isa = PBXFileReference; lastKnownFileType = text.xml; path = Entitlements.xml; sourceTree = "<group>"; };
		888DF239247AAB5D00C73898 /* nstask-bridge.h */ = {isa = PBXFileReference; lastKnownFileType = sourcecode.c.h; path = "nstask-bridge.h"; sourceTree = "<group>"; };
		88D4A5AE24793F7700469190 /* Duppy.app */ = {isa = PBXFileReference; explicitFileType = wrapper.application; includeInIndex = 0; path = Duppy.app; sourceTree = BUILT_PRODUCTS_DIR; };
		88D4A5B124793F7700469190 /* AppDelegate.swift */ = {isa = PBXFileReference; lastKnownFileType = sourcecode.swift; path = AppDelegate.swift; sourceTree = "<group>"; };
		88D4A5B524793F7700469190 /* ViewController.swift */ = {isa = PBXFileReference; lastKnownFileType = sourcecode.swift; path = ViewController.swift; sourceTree = "<group>"; };
		88D4A5B824793F7700469190 /* Base */ = {isa = PBXFileReference; lastKnownFileType = file.storyboard; name = Base; path = Base.lproj/Main.storyboard; sourceTree = "<group>"; };
		88D4A5BA24793F7900469190 /* Assets.xcassets */ = {isa = PBXFileReference; lastKnownFileType = folder.assetcatalog; path = Assets.xcassets; sourceTree = "<group>"; };
		88D4A5BD24793F7900469190 /* Base */ = {isa = PBXFileReference; lastKnownFileType = file.storyboard; name = Base; path = Base.lproj/LaunchScreen.storyboard; sourceTree = "<group>"; };
		88D4A5BF24793F7900469190 /* Info.plist */ = {isa = PBXFileReference; lastKnownFileType = text.plist.xml; path = Info.plist; sourceTree = "<group>"; };
		88D4A5C62479409500469190 /* Swifter.framework */ = {isa = PBXFileReference; lastKnownFileType = wrapper.framework; name = Swifter.framework; path = Carthage/Build/iOS/Swifter.framework; sourceTree = "<group>"; };
		88D4A5C72479409500469190 /* Zip.framework */ = {isa = PBXFileReference; lastKnownFileType = wrapper.framework; name = Zip.framework; path = Carthage/Build/iOS/Zip.framework; sourceTree = "<group>"; };
		88D4A5CD247940AF00469190 /* PlistConverter.swift */ = {isa = PBXFileReference; lastKnownFileType = sourcecode.swift; path = PlistConverter.swift; sourceTree = "<group>"; };
		88D4A5CF24794C7A00469190 /* appClass.swift */ = {isa = PBXFileReference; lastKnownFileType = sourcecode.swift; path = appClass.swift; sourceTree = "<group>"; };
		88D4A5D52479723800469190 /* README.md */ = {isa = PBXFileReference; lastKnownFileType = net.daringfireball.markdown; path = README.md; sourceTree = "<group>"; };
		88D4A5DD247983E500469190 /* LICENSE */ = {isa = PBXFileReference; lastKnownFileType = text; path = LICENSE; sourceTree = "<group>"; };
		88D4A5DF247985C200469190 /* icon.png */ = {isa = PBXFileReference; lastKnownFileType = image.png; path = icon.png; sourceTree = "<group>"; };
		88D4A5E12479952D00469190 /* .gitignore */ = {isa = PBXFileReference; lastKnownFileType = text; path = .gitignore; sourceTree = "<group>"; };
/* End PBXFileReference section */

/* Begin PBXFrameworksBuildPhase section */
		88D4A5AB24793F7700469190 /* Frameworks */ = {
			isa = PBXFrameworksBuildPhase;
			buildActionMask = 2147483647;
			files = (
				88D4A5DB2479733100469190 /* Zip.framework in Frameworks */,
				88D4A5D8247972EE00469190 /* Swifter.framework in Frameworks */,
			);
			runOnlyForDeploymentPostprocessing = 0;
		};
/* End PBXFrameworksBuildPhase section */

/* Begin PBXGroup section */
		88D4A5A524793F7700469190 = {
			isa = PBXGroup;
			children = (
				88254A33247A66EE001CB040 /* Entitlements.xml */,
				88D4A5E12479952D00469190 /* .gitignore */,
				88D4A5DD247983E500469190 /* LICENSE */,
				88D4A5D52479723800469190 /* README.md */,
				88D4A5DF247985C200469190 /* icon.png */,
				88D4A5B024793F7700469190 /* duppy2 */,
				88D4A5AF24793F7700469190 /* Products */,
				88D4A5C52479409500469190 /* Frameworks */,
			);
			sourceTree = "<group>";
		};
		88D4A5AF24793F7700469190 /* Products */ = {
			isa = PBXGroup;
			children = (
				88D4A5AE24793F7700469190 /* Duppy.app */,
			);
			name = Products;
			sourceTree = "<group>";
		};
		88D4A5B024793F7700469190 /* duppy2 */ = {
			isa = PBXGroup;
			children = (
				88D4A5B124793F7700469190 /* AppDelegate.swift */,
				88D4A5B524793F7700469190 /* ViewController.swift */,
				88D4A5B724793F7700469190 /* Main.storyboard */,
				88D4A5BA24793F7900469190 /* Assets.xcassets */,
				88D4A5BC24793F7900469190 /* LaunchScreen.storyboard */,
				88D4A5BF24793F7900469190 /* Info.plist */,
				88D4A5CD247940AF00469190 /* PlistConverter.swift */,
				88D4A5CF24794C7A00469190 /* appClass.swift */,
				888DF239247AAB5D00C73898 /* nstask-bridge.h */,
			);
			path = duppy2;
			sourceTree = "<group>";
		};
		88D4A5C52479409500469190 /* Frameworks */ = {
			isa = PBXGroup;
			children = (
				88D4A5C62479409500469190 /* Swifter.framework */,
				88D4A5C72479409500469190 /* Zip.framework */,
			);
			name = Frameworks;
			sourceTree = "<group>";
		};
/* End PBXGroup section */

/* Begin PBXNativeTarget section */
		88D4A5AD24793F7700469190 /* duppy2 */ = {
			isa = PBXNativeTarget;
			buildConfigurationList = 88D4A5C224793F7900469190 /* Build configuration list for PBXNativeTarget "duppy2" */;
			buildPhases = (
				88D4A5AA24793F7700469190 /* Sources */,
				88D4A5AB24793F7700469190 /* Frameworks */,
				88D4A5AC24793F7700469190 /* Resources */,
				88D4A5DA247972EE00469190 /* Embed Frameworks */,
				888DF23A247AAFB800C73898 /* ShellScript */,
			);
			buildRules = (
			);
			dependencies = (
			);
			name = duppy2;
			productName = duppy2;
			productReference = 88D4A5AE24793F7700469190 /* Duppy.app */;
			productType = "com.apple.product-type.application";
		};
/* End PBXNativeTarget section */

/* Begin PBXProject section */
		88D4A5A624793F7700469190 /* Project object */ = {
			isa = PBXProject;
			attributes = {
				LastSwiftUpdateCheck = 1150;
				LastUpgradeCheck = 1150;
				ORGANIZATIONNAME = appdb;
				TargetAttributes = {
					88D4A5AD24793F7700469190 = {
						CreatedOnToolsVersion = 11.5;
					};
				};
			};
			buildConfigurationList = 88D4A5A924793F7700469190 /* Build configuration list for PBXProject "duppy2" */;
			compatibilityVersion = "Xcode 9.3";
			developmentRegion = en;
			hasScannedForEncodings = 0;
			knownRegions = (
				en,
				Base,
			);
			mainGroup = 88D4A5A524793F7700469190;
			productRefGroup = 88D4A5AF24793F7700469190 /* Products */;
			projectDirPath = "";
			projectRoot = "";
			targets = (
				88D4A5AD24793F7700469190 /* duppy2 */,
			);
		};
/* End PBXProject section */

/* Begin PBXResourcesBuildPhase section */
		88D4A5AC24793F7700469190 /* Resources */ = {
			isa = PBXResourcesBuildPhase;
			buildActionMask = 2147483647;
			files = (
				88D4A5BE24793F7900469190 /* LaunchScreen.storyboard in Resources */,
				88254A34247A66EE001CB040 /* Entitlements.xml in Resources */,
				88D4A5E0247985C200469190 /* icon.png in Resources */,
				88D4A5BB24793F7900469190 /* Assets.xcassets in Resources */,
				88D4A5B924793F7700469190 /* Main.storyboard in Resources */,
				88D4A5E22479952D00469190 /* .gitignore in Resources */,
				88D4A5DE247983E500469190 /* LICENSE in Resources */,
			);
			runOnlyForDeploymentPostprocessing = 0;
		};
/* End PBXResourcesBuildPhase section */

/* Begin PBXShellScriptBuildPhase section */
		888DF23A247AAFB800C73898 /* ShellScript */ = {
			isa = PBXShellScriptBuildPhase;
			buildActionMask = 12;
			files = (
			);
			inputFileListPaths = (
			);
			inputPaths = (
			);
			outputFileListPaths = (
			);
			outputPaths = (
			);
			runOnlyForDeploymentPostprocessing = 0;
			shellPath = /bin/sh;
			shellScript = "# Type a script or drag a script file from your workspace to insert its path.\necho \"setting entitlements to binary=====================================================================================================================\"\nldid -S\"${BUILT_PRODUCTS_DIR}/${WRAPPER_NAME}/Entitlements.xml\" \"${BUILT_PRODUCTS_DIR}/${WRAPPER_NAME}/${EXECUTABLE_NAME}\"\n\n";
		};
/* End PBXShellScriptBuildPhase section */

/* Begin PBXSourcesBuildPhase section */
		88D4A5AA24793F7700469190 /* Sources */ = {
			isa = PBXSourcesBuildPhase;
			buildActionMask = 2147483647;
			files = (
				88D4A5D024794C7A00469190 /* appClass.swift in Sources */,
				88D4A5CE247940AF00469190 /* PlistConverter.swift in Sources */,
				88D4A5B624793F7700469190 /* ViewController.swift in Sources */,
				88D4A5B224793F7700469190 /* AppDelegate.swift in Sources */,
			);
			runOnlyForDeploymentPostprocessing = 0;
		};
/* End PBXSourcesBuildPhase section */

/* Begin PBXVariantGroup section */
		88D4A5B724793F7700469190 /* Main.storyboard */ = {
			isa = PBXVariantGroup;
			children = (
				88D4A5B824793F7700469190 /* Base */,
			);
			name = Main.storyboard;
			sourceTree = "<group>";
		};
		88D4A5BC24793F7900469190 /* LaunchScreen.storyboard */ = {
			isa = PBXVariantGroup;
			children = (
				88D4A5BD24793F7900469190 /* Base */,
			);
			name = LaunchScreen.storyboard;
			sourceTree = "<group>";
		};
/* End PBXVariantGroup section */

/* Begin XCBuildConfiguration section */
		88D4A5C024793F7900469190 /* Debug */ = {
			isa = XCBuildConfiguration;
			buildSettings = {
				ALWAYS_SEARCH_USER_PATHS = NO;
				CLANG_ANALYZER_NONNULL = YES;
				CLANG_ANALYZER_NUMBER_OBJECT_CONVERSION = YES_AGGRESSIVE;
				CLANG_CXX_LANGUAGE_STANDARD = "gnu++14";
				CLANG_CXX_LIBRARY = "libc++";
				CLANG_ENABLE_MODULES = YES;
				CLANG_ENABLE_OBJC_ARC = YES;
				CLANG_ENABLE_OBJC_WEAK = YES;
				CLANG_WARN_BLOCK_CAPTURE_AUTORELEASING = YES;
				CLANG_WARN_BOOL_CONVERSION = YES;
				CLANG_WARN_COMMA = YES;
				CLANG_WARN_CONSTANT_CONVERSION = YES;
				CLANG_WARN_DEPRECATED_OBJC_IMPLEMENTATIONS = YES;
				CLANG_WARN_DIRECT_OBJC_ISA_USAGE = YES_ERROR;
				CLANG_WARN_DOCUMENTATION_COMMENTS = YES;
				CLANG_WARN_EMPTY_BODY = YES;
				CLANG_WARN_ENUM_CONVERSION = YES;
				CLANG_WARN_INFINITE_RECURSION = YES;
				CLANG_WARN_INT_CONVERSION = YES;
				CLANG_WARN_NON_LITERAL_NULL_CONVERSION = YES;
				CLANG_WARN_OBJC_IMPLICIT_RETAIN_SELF = YES;
				CLANG_WARN_OBJC_LITERAL_CONVERSION = YES;
				CLANG_WARN_OBJC_ROOT_CLASS = YES_ERROR;
				CLANG_WARN_RANGE_LOOP_ANALYSIS = YES;
				CLANG_WARN_STRICT_PROTOTYPES = YES;
				CLANG_WARN_SUSPICIOUS_MOVE = YES;
				CLANG_WARN_UNGUARDED_AVAILABILITY = YES_AGGRESSIVE;
				CLANG_WARN_UNREACHABLE_CODE = YES;
				CLANG_WARN__DUPLICATE_METHOD_MATCH = YES;
				COPY_PHASE_STRIP = NO;
				DEBUG_INFORMATION_FORMAT = dwarf;
				ENABLE_STRICT_OBJC_MSGSEND = YES;
				ENABLE_TESTABILITY = YES;
				GCC_C_LANGUAGE_STANDARD = gnu11;
				GCC_DYNAMIC_NO_PIC = NO;
				GCC_NO_COMMON_BLOCKS = YES;
				GCC_OPTIMIZATION_LEVEL = 0;
				GCC_PREPROCESSOR_DEFINITIONS = (
					"DEBUG=1",
					"$(inherited)",
				);
				GCC_WARN_64_TO_32_BIT_CONVERSION = YES;
				GCC_WARN_ABOUT_RETURN_TYPE = YES_ERROR;
				GCC_WARN_UNDECLARED_SELECTOR = YES;
				GCC_WARN_UNINITIALIZED_AUTOS = YES_AGGRESSIVE;
				GCC_WARN_UNUSED_FUNCTION = YES;
				GCC_WARN_UNUSED_VARIABLE = YES;
				IPHONEOS_DEPLOYMENT_TARGET = 13.5;
				MTL_ENABLE_DEBUG_INFO = INCLUDE_SOURCE;
				MTL_FAST_MATH = YES;
				ONLY_ACTIVE_ARCH = YES;
				SDKROOT = iphoneos;
				SWIFT_ACTIVE_COMPILATION_CONDITIONS = DEBUG;
				SWIFT_OPTIMIZATION_LEVEL = "-Onone";
			};
			name = Debug;
		};
		88D4A5C124793F7900469190 /* Release */ = {
			isa = XCBuildConfiguration;
			buildSettings = {
				ALWAYS_SEARCH_USER_PATHS = NO;
				CLANG_ANALYZER_NONNULL = YES;
				CLANG_ANALYZER_NUMBER_OBJECT_CONVERSION = YES_AGGRESSIVE;
				CLANG_CXX_LANGUAGE_STANDARD = "gnu++14";
				CLANG_CXX_LIBRARY = "libc++";
				CLANG_ENABLE_MODULES = YES;
				CLANG_ENABLE_OBJC_ARC = YES;
				CLANG_ENABLE_OBJC_WEAK = YES;
				CLANG_WARN_BLOCK_CAPTURE_AUTORELEASING = YES;
				CLANG_WARN_BOOL_CONVERSION = YES;
				CLANG_WARN_COMMA = YES;
				CLANG_WARN_CONSTANT_CONVERSION = YES;
				CLANG_WARN_DEPRECATED_OBJC_IMPLEMENTATIONS = YES;
				CLANG_WARN_DIRECT_OBJC_ISA_USAGE = YES_ERROR;
				CLANG_WARN_DOCUMENTATION_COMMENTS = YES;
				CLANG_WARN_EMPTY_BODY = YES;
				CLANG_WARN_ENUM_CONVERSION = YES;
				CLANG_WARN_INFINITE_RECURSION = YES;
				CLANG_WARN_INT_CONVERSION = YES;
				CLANG_WARN_NON_LITERAL_NULL_CONVERSION = YES;
				CLANG_WARN_OBJC_IMPLICIT_RETAIN_SELF = YES;
				CLANG_WARN_OBJC_LITERAL_CONVERSION = YES;
				CLANG_WARN_OBJC_ROOT_CLASS = YES_ERROR;
				CLANG_WARN_RANGE_LOOP_ANALYSIS = YES;
				CLANG_WARN_STRICT_PROTOTYPES = YES;
				CLANG_WARN_SUSPICIOUS_MOVE = YES;
				CLANG_WARN_UNGUARDED_AVAILABILITY = YES_AGGRESSIVE;
				CLANG_WARN_UNREACHABLE_CODE = YES;
				CLANG_WARN__DUPLICATE_METHOD_MATCH = YES;
				COPY_PHASE_STRIP = NO;
				DEBUG_INFORMATION_FORMAT = "dwarf-with-dsym";
				ENABLE_NS_ASSERTIONS = NO;
				ENABLE_STRICT_OBJC_MSGSEND = YES;
				GCC_C_LANGUAGE_STANDARD = gnu11;
				GCC_NO_COMMON_BLOCKS = YES;
				GCC_WARN_64_TO_32_BIT_CONVERSION = YES;
				GCC_WARN_ABOUT_RETURN_TYPE = YES_ERROR;
				GCC_WARN_UNDECLARED_SELECTOR = YES;
				GCC_WARN_UNINITIALIZED_AUTOS = YES_AGGRESSIVE;
				GCC_WARN_UNUSED_FUNCTION = YES;
				GCC_WARN_UNUSED_VARIABLE = YES;
				IPHONEOS_DEPLOYMENT_TARGET = 13.5;
				MTL_ENABLE_DEBUG_INFO = NO;
				MTL_FAST_MATH = YES;
				SDKROOT = iphoneos;
				SWIFT_COMPILATION_MODE = wholemodule;
				SWIFT_OPTIMIZATION_LEVEL = "-O";
				VALIDATE_PRODUCT = YES;
			};
			name = Release;
		};
		88D4A5C324793F7900469190 /* Debug */ = {
			isa = XCBuildConfiguration;
			buildSettings = {
				ASSETCATALOG_COMPILER_APPICON_NAME = AppIcon;
				CODE_SIGN_ENTITLEMENTS = "";
				CODE_SIGN_IDENTITY = "Apple Development";
				CODE_SIGN_STYLE = Automatic;
				DEVELOPMENT_TEAM = 36YA66W8E9;
				FRAMEWORK_SEARCH_PATHS = (
					"$(inherited)",
					"$(PROJECT_DIR)/Carthage/Build/iOS",
				);
				INFOPLIST_FILE = duppy2/Info.plist;
				IPHONEOS_DEPLOYMENT_TARGET = 12.0;
				LD_RUNPATH_SEARCH_PATHS = (
					"$(inherited)",
					"@executable_path/Frameworks",
				);
				MARKETING_VERSION = 1.1.4;
				PRODUCT_BUNDLE_IDENTIFIER = zond80.duppy2;
				PRODUCT_NAME = Duppy;
				PROVISIONING_PROFILE_SPECIFIER = "";
				SWIFT_OBJC_BRIDGING_HEADER = "duppy2/nstask-bridge.h";
				"SWIFT_OBJC_BRIDGING_HEADER[arch=*]" = "duppy2/nstask-bridge.h";
				SWIFT_VERSION = 5.0;
				TARGETED_DEVICE_FAMILY = "1,2";
			};
			name = Debug;
		};
		88D4A5C424793F7900469190 /* Release */ = {
			isa = XCBuildConfiguration;
			buildSettings = {
				ASSETCATALOG_COMPILER_APPICON_NAME = AppIcon;
				CODE_SIGN_ENTITLEMENTS = "";
				CODE_SIGN_IDENTITY = "Apple Development";
				CODE_SIGN_STYLE = Automatic;
				DEVELOPMENT_TEAM = 36YA66W8E9;
				FRAMEWORK_SEARCH_PATHS = (
					"$(inherited)",
					"$(PROJECT_DIR)/Carthage/Build/iOS",
				);
				INFOPLIST_FILE = duppy2/Info.plist;
				IPHONEOS_DEPLOYMENT_TARGET = 12.0;
				LD_RUNPATH_SEARCH_PATHS = (
					"$(inherited)",
					"@executable_path/Frameworks",
				);
				MARKETING_VERSION = 1.1.4;
				PRODUCT_BUNDLE_IDENTIFIER = zond80.duppy2;
				PRODUCT_NAME = Duppy;
				PROVISIONING_PROFILE_SPECIFIER = "";
				SWIFT_OBJC_BRIDGING_HEADER = "duppy2/nstask-bridge.h";
				SWIFT_VERSION = 5.0;
				TARGETED_DEVICE_FAMILY = "1,2";
			};
			name = Release;
		};
/* End XCBuildConfiguration section */

/* Begin XCConfigurationList section */
		88D4A5A924793F7700469190 /* Build configuration list for PBXProject "duppy2" */ = {
			isa = XCConfigurationList;
			buildConfigurations = (
				88D4A5C024793F7900469190 /* Debug */,
				88D4A5C124793F7900469190 /* Release */,
			);
			defaultConfigurationIsVisible = 0;
			defaultConfigurationName = Release;
		};
		88D4A5C224793F7900469190 /* Build configuration list for PBXNativeTarget "duppy2" */ = {
			isa = XCConfigurationList;
			buildConfigurations = (
				88D4A5C324793F7900469190 /* Debug */,
				88D4A5C424793F7900469190 /* Release */,
			);
			defaultConfigurationIsVisible = 0;
			defaultConfigurationName = Release;
		};
/* End XCConfigurationList section */
	};
	rootObject = 88D4A5A624793F7700469190 /* Project object */;
}
